
Microsoft Visual Studio Solution File, Format Version 12.00
# Visual Studio Version 17
VisualStudioVersion = 17.6.33723.286
MinimumVisualStudioVersion = 10.0.40219.1
Project("{9A19103F-16F7-4668-BE54-9A1E7A4F7556}") = "DotNetNpyIo", "DotNetNpyIo\DotNetNpyIo.csproj", "{D6750DC8-7E5B-43DE-82F1-1ED56CF8AEA7}"
EndProject
Project("{9A19103F-16F7-4668-BE54-9A1E7A4F7556}") = "Test.DotNetNpyIo", "Test.DotNetNpyIo\Test.DotNetNpyIo.csproj", "{47FF1085-51C0-4A58-A7F9-E7961D64BAD3}"
EndProject
Global
	GlobalSection(SolutionConfigurationPlatforms) = preSolution
		Debug|Any CPU = Debug|Any CPU
		Release|Any CPU = Release|Any CPU
	EndGlobalSection
	GlobalSection(ProjectConfigurationPlatforms) = postSolution
		{D6750DC8-7E5B-43DE-82F1-1ED56CF8AEA7}.Debug|Any CPU.ActiveCfg = Debug|Any CPU
		{D6750DC8-7E5B-43DE-82F1-1ED56CF8AEA7}.Debug|Any CPU.Build.0 = Debug|Any CPU
		{D6750DC8-7E5B-43DE-82F1-1ED56CF8AEA7}.Release|Any CPU.ActiveCfg = Release|Any CPU
		{D6750DC8-7E5B-43DE-82F1-1ED56CF8AEA7}.Release|Any CPU.Build.0 = Release|Any CPU
		{47FF1085-51C0-4A58-A7F9-E7961D64BAD3}.Debug|Any CPU.ActiveCfg = Debug|Any CPU
		{47FF1085-51C0-4A58-A7F9-E7961D64BAD3}.Debug|Any CPU.Build.0 = Debug|Any CPU
		{47FF1085-51C0-4A58-A7F9-E7961D64BAD3}.Release|Any CPU.ActiveCfg = Release|Any CPU
		{47FF1085-51C0-4A58-A7F9-E7961D64BAD3}.Release|Any CPU.Build.0 = Release|Any CPU
	EndGlobalSection
	GlobalSection(SolutionProperties) = preSolution
		HideSolutionNode = FALSE
	EndGlobalSection
	GlobalSection(ExtensibilityGlobals) = postSolution
		SolutionGuid = {F30CDCB8-33B5-4A46-A49E-44B8935B1758}
	EndGlobalSection
EndGlobal
